// !$*UTF8*$!
{
	archiveVersion = 1;
	classes = {
	};
	objectVersion = 55;
	objects = {

/* Begin PBXBuildFile section */
		3D01101C27AA29750003A1AE /* AppUser.swift in Sources */ = {isa = PBXBuildFile; fileRef = 3D01101B27AA29750003A1AE /* AppUser.swift */; };
		3D0B326027AA497800D5A1A9 /* MainMessages.swift in Sources */ = {isa = PBXBuildFile; fileRef = 3D0B325F27AA497700D5A1A9 /* MainMessages.swift */; };
		3D0B326427AA4D9700D5A1A9 /* DarkModeView.swift in Sources */ = {isa = PBXBuildFile; fileRef = 3D0B326327AA4D9700D5A1A9 /* DarkModeView.swift */; };
		3D0B326627AA5C5700D5A1A9 /* ProfileSettingsView.swift in Sources */ = {isa = PBXBuildFile; fileRef = 3D0B326527AA5C5700D5A1A9 /* ProfileSettingsView.swift */; };
		3DC6D19C27A7613A00CF9BEF /* ImagePicker.swift in Sources */ = {isa = PBXBuildFile; fileRef = 3DC6D19B27A7613A00CF9BEF /* ImagePicker.swift */; };
		3DC6D19F27A7842F00CF9BEF /* FirebaseAuth in Frameworks */ = {isa = PBXBuildFile; productRef = 3DC6D19E27A7842F00CF9BEF /* FirebaseAuth */; };
		3DC6D1A127A7842F00CF9BEF /* FirebaseFirestore in Frameworks */ = {isa = PBXBuildFile; productRef = 3DC6D1A027A7842F00CF9BEF /* FirebaseFirestore */; };
		3DC6D1A327A7842F00CF9BEF /* FirebaseStorage in Frameworks */ = {isa = PBXBuildFile; productRef = 3DC6D1A227A7842F00CF9BEF /* FirebaseStorage */; };
		3DC6D1A627A78F5300CF9BEF /* MainMessagesView.swift in Sources */ = {isa = PBXBuildFile; fileRef = 3DC6D1A527A78F5300CF9BEF /* MainMessagesView.swift */; };
		3DE2CEE727A88901008D7971 /* FirebaseManager.swift in Sources */ = {isa = PBXBuildFile; fileRef = 3DE2CEE627A88901008D7971 /* FirebaseManager.swift */; };
		3DE2CEEA27A89BA6008D7971 /* SDWebImageSwiftUI in Frameworks */ = {isa = PBXBuildFile; productRef = 3DE2CEE927A89BA6008D7971 /* SDWebImageSwiftUI */; };
		3DE2CEEC27A9BCA3008D7971 /* .gitignore in Resources */ = {isa = PBXBuildFile; fileRef = 3DE2CEEB27A9BCA2008D7971 /* .gitignore */; };
		3DE2CEEE27A9BD7F008D7971 /* GoogleService-Info.plist in Resources */ = {isa = PBXBuildFile; fileRef = 3DE2CEED27A9BD7E008D7971 /* GoogleService-Info.plist */; };
		3DF95DEC27A4CB0F00EB607E /* StayConnectedApp.swift in Sources */ = {isa = PBXBuildFile; fileRef = 3DF95DEB27A4CB0F00EB607E /* StayConnectedApp.swift */; };
		3DF95DEE27A4CB0F00EB607E /* LoginView.swift in Sources */ = {isa = PBXBuildFile; fileRef = 3DF95DED27A4CB0F00EB607E /* LoginView.swift */; };
		3DF95DF027A4CB1500EB607E /* Assets.xcassets in Resources */ = {isa = PBXBuildFile; fileRef = 3DF95DEF27A4CB1500EB607E /* Assets.xcassets */; };
		3DF95DF327A4CB1500EB607E /* Preview Assets.xcassets in Resources */ = {isa = PBXBuildFile; fileRef = 3DF95DF227A4CB1500EB607E /* Preview Assets.xcassets */; };
/* End PBXBuildFile section */

/* Begin PBXFileReference section */
		3D01101B27AA29750003A1AE /* AppUser.swift */ = {isa = PBXFileReference; lastKnownFileType = sourcecode.swift; path = AppUser.swift; sourceTree = "<group>"; };
		3D0B325F27AA497700D5A1A9 /* MainMessages.swift */ = {isa = PBXFileReference; lastKnownFileType = sourcecode.swift; path = MainMessages.swift; sourceTree = "<group>"; };
		3D0B326327AA4D9700D5A1A9 /* DarkModeView.swift */ = {isa = PBXFileReference; lastKnownFileType = sourcecode.swift; path = DarkModeView.swift; sourceTree = "<group>"; };
		3D0B326527AA5C5700D5A1A9 /* ProfileSettingsView.swift */ = {isa = PBXFileReference; lastKnownFileType = sourcecode.swift; path = ProfileSettingsView.swift; sourceTree = "<group>"; };
		3DC6D19B27A7613A00CF9BEF /* ImagePicker.swift */ = {isa = PBXFileReference; lastKnownFileType = sourcecode.swift; path = ImagePicker.swift; sourceTree = "<group>"; };
		3DC6D1A527A78F5300CF9BEF /* MainMessagesView.swift */ = {isa = PBXFileReference; lastKnownFileType = sourcecode.swift; path = MainMessagesView.swift; sourceTree = "<group>"; };
		3DE2CEE627A88901008D7971 /* FirebaseManager.swift */ = {isa = PBXFileReference; lastKnownFileType = sourcecode.swift; path = FirebaseManager.swift; sourceTree = "<group>"; };
		3DE2CEEB27A9BCA2008D7971 /* .gitignore */ = {isa = PBXFileReference; lastKnownFileType = text; path = .gitignore; sourceTree = "<group>"; };
		3DE2CEED27A9BD7E008D7971 /* GoogleService-Info.plist */ = {isa = PBXFileReference; fileEncoding = 4; lastKnownFileType = text.plist.xml; path = "GoogleService-Info.plist"; sourceTree = "<group>"; };
		3DF95DE827A4CB0E00EB607E /* StayConnected.app */ = {isa = PBXFileReference; explicitFileType = wrapper.application; includeInIndex = 0; path = StayConnected.app; sourceTree = BUILT_PRODUCTS_DIR; };
		3DF95DEB27A4CB0F00EB607E /* StayConnectedApp.swift */ = {isa = PBXFileReference; lastKnownFileType = sourcecode.swift; path = StayConnectedApp.swift; sourceTree = "<group>"; };
		3DF95DED27A4CB0F00EB607E /* LoginView.swift */ = {isa = PBXFileReference; lastKnownFileType = sourcecode.swift; path = LoginView.swift; sourceTree = "<group>"; };
		3DF95DEF27A4CB1500EB607E /* Assets.xcassets */ = {isa = PBXFileReference; lastKnownFileType = folder.assetcatalog; path = Assets.xcassets; sourceTree = "<group>"; };
		3DF95DF227A4CB1500EB607E /* Preview Assets.xcassets */ = {isa = PBXFileReference; lastKnownFileType = folder.assetcatalog; path = "Preview Assets.xcassets"; sourceTree = "<group>"; };
/* End PBXFileReference section */

/* Begin PBXFrameworksBuildPhase section */
		3DF95DE527A4CB0E00EB607E /* Frameworks */ = {
			isa = PBXFrameworksBuildPhase;
			buildActionMask = 2147483647;
			files = (
				3DE2CEEA27A89BA6008D7971 /* SDWebImageSwiftUI in Frameworks */,
				3DC6D19F27A7842F00CF9BEF /* FirebaseAuth in Frameworks */,
				3DC6D1A127A7842F00CF9BEF /* FirebaseFirestore in Frameworks */,
				3DC6D1A327A7842F00CF9BEF /* FirebaseStorage in Frameworks */,
			);
			runOnlyForDeploymentPostprocessing = 0;
		};
/* End PBXFrameworksBuildPhase section */

/* Begin PBXGroup section */
		3D01101A27AA29520003A1AE /* Models */ = {
			isa = PBXGroup;
			children = (
				3D01101B27AA29750003A1AE /* AppUser.swift */,
				3DC6D19B27A7613A00CF9BEF /* ImagePicker.swift */,
				3D0B325F27AA497700D5A1A9 /* MainMessages.swift */,
			);
			path = Models;
			sourceTree = "<group>";
		};
		3D01101D27AA298C0003A1AE /* Views */ = {
			isa = PBXGroup;
			children = (
				3DC6D1A527A78F5300CF9BEF /* MainMessagesView.swift */,
				3DF95DED27A4CB0F00EB607E /* LoginView.swift */,
				3D0B326327AA4D9700D5A1A9 /* DarkModeView.swift */,
				3D0B326527AA5C5700D5A1A9 /* ProfileSettingsView.swift */,
			);
			path = Views;
			sourceTree = "<group>";
		};
		3D01101E27AA29AB0003A1AE /* Assets */ = {
			isa = PBXGroup;
			children = (
				3DF95DEF27A4CB1500EB607E /* Assets.xcassets */,
			);
			path = Assets;
			sourceTree = "<group>";
		};
		3DE2CEE527A888E5008D7971 /* Utilites */ = {
			isa = PBXGroup;
			children = (
				3DE2CEE627A88901008D7971 /* FirebaseManager.swift */,
			);
			path = Utilites;
			sourceTree = "<group>";
		};
		3DF95DDF27A4CB0E00EB607E = {
			isa = PBXGroup;
			children = (
				3DE2CEEB27A9BCA2008D7971 /* .gitignore */,
				3DF95DEA27A4CB0E00EB607E /* StayConnected */,
				3DF95DE927A4CB0E00EB607E /* Products */,
			);
			sourceTree = "<group>";
		};
		3DF95DE927A4CB0E00EB607E /* Products */ = {
			isa = PBXGroup;
			children = (
				3DF95DE827A4CB0E00EB607E /* StayConnected.app */,
			);
			name = Products;
			sourceTree = "<group>";
		};
		3DF95DEA27A4CB0E00EB607E /* StayConnected */ = {
			isa = PBXGroup;
			children = (
				3DF95DEB27A4CB0F00EB607E /* StayConnectedApp.swift */,
				3D01101D27AA298C0003A1AE /* Views */,
				3D01101A27AA29520003A1AE /* Models */,
				3DE2CEED27A9BD7E008D7971 /* GoogleService-Info.plist */,
				3DE2CEE527A888E5008D7971 /* Utilites */,
				3D01101E27AA29AB0003A1AE /* Assets */,
				3DF95DF127A4CB1500EB607E /* Preview Content */,
			);
			path = StayConnected;
			sourceTree = "<group>";
		};
		3DF95DF127A4CB1500EB607E /* Preview Content */ = {
			isa = PBXGroup;
			children = (
				3DF95DF227A4CB1500EB607E /* Preview Assets.xcassets */,
			);
			path = "Preview Content";
			sourceTree = "<group>";
		};
/* End PBXGroup section */

/* Begin PBXNativeTarget section */
		3DF95DE727A4CB0E00EB607E /* StayConnected */ = {
			isa = PBXNativeTarget;
			buildConfigurationList = 3DF95DF627A4CB1500EB607E /* Build configuration list for PBXNativeTarget "StayConnected" */;
			buildPhases = (
				3DF95DE427A4CB0E00EB607E /* Sources */,
				3DF95DE527A4CB0E00EB607E /* Frameworks */,
				3DF95DE627A4CB0E00EB607E /* Resources */,
			);
			buildRules = (
			);
			dependencies = (
			);
			name = StayConnected;
			packageProductDependencies = (
				3DC6D19E27A7842F00CF9BEF /* FirebaseAuth */,
				3DC6D1A027A7842F00CF9BEF /* FirebaseFirestore */,
				3DC6D1A227A7842F00CF9BEF /* FirebaseStorage */,
				3DE2CEE927A89BA6008D7971 /* SDWebImageSwiftUI */,
			);
			productName = StayConnected;
			productReference = 3DF95DE827A4CB0E00EB607E /* StayConnected.app */;
			productType = "com.apple.product-type.application";
		};
/* End PBXNativeTarget section */

/* Begin PBXProject section */
		3DF95DE027A4CB0E00EB607E /* Project object */ = {
			isa = PBXProject;
			attributes = {
				BuildIndependentTargetsInParallel = 1;
				LastSwiftUpdateCheck = 1320;
				LastUpgradeCheck = 1320;
				TargetAttributes = {
					3DF95DE727A4CB0E00EB607E = {
						CreatedOnToolsVersion = 13.2.1;
					};
				};
			};
			buildConfigurationList = 3DF95DE327A4CB0E00EB607E /* Build configuration list for PBXProject "StayConnected" */;
			compatibilityVersion = "Xcode 13.0";
			developmentRegion = en;
			hasScannedForEncodings = 0;
			knownRegions = (
				en,
				Base,
			);
			mainGroup = 3DF95DDF27A4CB0E00EB607E;
			packageReferences = (
				3DC6D19D27A7842F00CF9BEF /* XCRemoteSwiftPackageReference "firebase-ios-sdk" */,
				3DE2CEE827A89BA4008D7971 /* XCRemoteSwiftPackageReference "SDWebImageSwiftUI" */,
			);
			productRefGroup = 3DF95DE927A4CB0E00EB607E /* Products */;
			projectDirPath = "";
			projectRoot = "";
			targets = (
				3DF95DE727A4CB0E00EB607E /* StayConnected */,
			);
		};
/* End PBXProject section */

/* Begin PBXResourcesBuildPhase section */
		3DF95DE627A4CB0E00EB607E /* Resources */ = {
			isa = PBXResourcesBuildPhase;
			buildActionMask = 2147483647;
			files = (
				3DE2CEEC27A9BCA3008D7971 /* .gitignore in Resources */,
				3DE2CEEE27A9BD7F008D7971 /* GoogleService-Info.plist in Resources */,
				3DF95DF327A4CB1500EB607E /* Preview Assets.xcassets in Resources */,
				3DF95DF027A4CB1500EB607E /* Assets.xcassets in Resources */,
			);
			runOnlyForDeploymentPostprocessing = 0;
		};
/* End PBXResourcesBuildPhase section */

/* Begin PBXSourcesBuildPhase section */
		3DF95DE427A4CB0E00EB607E /* Sources */ = {
			isa = PBXSourcesBuildPhase;
			buildActionMask = 2147483647;
			files = (
				3DC6D19C27A7613A00CF9BEF /* ImagePicker.swift in Sources */,
				3D0B326027AA497800D5A1A9 /* MainMessages.swift in Sources */,
				3DC6D1A627A78F5300CF9BEF /* MainMessagesView.swift in Sources */,
				3DF95DEE27A4CB0F00EB607E /* LoginView.swift in Sources */,
				3DF95DEC27A4CB0F00EB607E /* StayConnectedApp.swift in Sources */,
				3D01101C27AA29750003A1AE /* AppUser.swift in Sources */,
				3D0B326627AA5C5700D5A1A9 /* ProfileSettingsView.swift in Sources */,
				3DE2CEE727A88901008D7971 /* FirebaseManager.swift in Sources */,
				3D0B326427AA4D9700D5A1A9 /* DarkModeView.swift in Sources */,
			);
			runOnlyForDeploymentPostprocessing = 0;
		};
/* End PBXSourcesBuildPhase section */

/* Begin XCBuildConfiguration section */
		3DF95DF427A4CB1500EB607E /* Debug */ = {
			isa = XCBuildConfiguration;
			buildSettings = {
				ALWAYS_SEARCH_USER_PATHS = NO;
				CLANG_ANALYZER_NONNULL = YES;
				CLANG_ANALYZER_NUMBER_OBJECT_CONVERSION = YES_AGGRESSIVE;
				CLANG_CXX_LANGUAGE_STANDARD = "gnu++17";
				CLANG_CXX_LIBRARY = "libc++";
				CLANG_ENABLE_MODULES = YES;
				CLANG_ENABLE_OBJC_ARC = YES;
				CLANG_ENABLE_OBJC_WEAK = YES;
				CLANG_WARN_BLOCK_CAPTURE_AUTORELEASING = YES;
				CLANG_WARN_BOOL_CONVERSION = YES;
				CLANG_WARN_COMMA = YES;
				CLANG_WARN_CONSTANT_CONVERSION = YES;
				CLANG_WARN_DEPRECATED_OBJC_IMPLEMENTATIONS = YES;
				CLANG_WARN_DIRECT_OBJC_ISA_USAGE = YES_ERROR;
				CLANG_WARN_DOCUMENTATION_COMMENTS = YES;
				CLANG_WARN_EMPTY_BODY = YES;
				CLANG_WARN_ENUM_CONVERSION = YES;
				CLANG_WARN_INFINITE_RECURSION = YES;
				CLANG_WARN_INT_CONVERSION = YES;
				CLANG_WARN_NON_LITERAL_NULL_CONVERSION = YES;
				CLANG_WARN_OBJC_IMPLICIT_RETAIN_SELF = YES;
				CLANG_WARN_OBJC_LITERAL_CONVERSION = YES;
				CLANG_WARN_OBJC_ROOT_CLASS = YES_ERROR;
				CLANG_WARN_QUOTED_INCLUDE_IN_FRAMEWORK_HEADER = YES;
				CLANG_WARN_RANGE_LOOP_ANALYSIS = YES;
				CLANG_WARN_STRICT_PROTOTYPES = YES;
				CLANG_WARN_SUSPICIOUS_MOVE = YES;
				CLANG_WARN_UNGUARDED_AVAILABILITY = YES_AGGRESSIVE;
				CLANG_WARN_UNREACHABLE_CODE = YES;
				CLANG_WARN__DUPLICATE_METHOD_MATCH = YES;
				COPY_PHASE_STRIP = NO;
				DEBUG_INFORMATION_FORMAT = dwarf;
				ENABLE_STRICT_OBJC_MSGSEND = YES;
				ENABLE_TESTABILITY = YES;
				GCC_C_LANGUAGE_STANDARD = gnu11;
				GCC_DYNAMIC_NO_PIC = NO;
				GCC_NO_COMMON_BLOCKS = YES;
				GCC_OPTIMIZATION_LEVEL = 0;
				GCC_PREPROCESSOR_DEFINITIONS = (
					"DEBUG=1",
					"$(inherited)",
				);
				GCC_WARN_64_TO_32_BIT_CONVERSION = YES;
				GCC_WARN_ABOUT_RETURN_TYPE = YES_ERROR;
				GCC_WARN_UNDECLARED_SELECTOR = YES;
				GCC_WARN_UNINITIALIZED_AUTOS = YES_AGGRESSIVE;
				GCC_WARN_UNUSED_FUNCTION = YES;
				GCC_WARN_UNUSED_VARIABLE = YES;
				IPHONEOS_DEPLOYMENT_TARGET = 15.2;
				MTL_ENABLE_DEBUG_INFO = INCLUDE_SOURCE;
				MTL_FAST_MATH = YES;
				ONLY_ACTIVE_ARCH = YES;
				SDKROOT = iphoneos;
				SWIFT_ACTIVE_COMPILATION_CONDITIONS = DEBUG;
				SWIFT_OPTIMIZATION_LEVEL = "-Onone";
			};
			name = Debug;
		};
		3DF95DF527A4CB1500EB607E /* Release */ = {
			isa = XCBuildConfiguration;
			buildSettings = {
				ALWAYS_SEARCH_USER_PATHS = NO;
				CLANG_ANALYZER_NONNULL = YES;
				CLANG_ANALYZER_NUMBER_OBJECT_CONVERSION = YES_AGGRESSIVE;
				CLANG_CXX_LANGUAGE_STANDARD = "gnu++17";
				CLANG_CXX_LIBRARY = "libc++";
				CLANG_ENABLE_MODULES = YES;
				CLANG_ENABLE_OBJC_ARC = YES;
				CLANG_ENABLE_OBJC_WEAK = YES;
				CLANG_WARN_BLOCK_CAPTURE_AUTORELEASING = YES;
				CLANG_WARN_BOOL_CONVERSION = YES;
				CLANG_WARN_COMMA = YES;
				CLANG_WARN_CONSTANT_CONVERSION = YES;
				CLANG_WARN_DEPRECATED_OBJC_IMPLEMENTATIONS = YES;
				CLANG_WARN_DIRECT_OBJC_ISA_USAGE = YES_ERROR;
				CLANG_WARN_DOCUMENTATION_COMMENTS = YES;
				CLANG_WARN_EMPTY_BODY = YES;
				CLANG_WARN_ENUM_CONVERSION = YES;
				CLANG_WARN_INFINITE_RECURSION = YES;
				CLANG_WARN_INT_CONVERSION = YES;
				CLANG_WARN_NON_LITERAL_NULL_CONVERSION = YES;
				CLANG_WARN_OBJC_IMPLICIT_RETAIN_SELF = YES;
				CLANG_WARN_OBJC_LITERAL_CONVERSION = YES;
				CLANG_WARN_OBJC_ROOT_CLASS = YES_ERROR;
				CLANG_WARN_QUOTED_INCLUDE_IN_FRAMEWORK_HEADER = YES;
				CLANG_WARN_RANGE_LOOP_ANALYSIS = YES;
				CLANG_WARN_STRICT_PROTOTYPES = YES;
				CLANG_WARN_SUSPICIOUS_MOVE = YES;
				CLANG_WARN_UNGUARDED_AVAILABILITY = YES_AGGRESSIVE;
				CLANG_WARN_UNREACHABLE_CODE = YES;
				CLANG_WARN__DUPLICATE_METHOD_MATCH = YES;
				COPY_PHASE_STRIP = NO;
				DEBUG_INFORMATION_FORMAT = "dwarf-with-dsym";
				ENABLE_NS_ASSERTIONS = NO;
				ENABLE_STRICT_OBJC_MSGSEND = YES;
				GCC_C_LANGUAGE_STANDARD = gnu11;
				GCC_NO_COMMON_BLOCKS = YES;
				GCC_WARN_64_TO_32_BIT_CONVERSION = YES;
				GCC_WARN_ABOUT_RETURN_TYPE = YES_ERROR;
				GCC_WARN_UNDECLARED_SELECTOR = YES;
				GCC_WARN_UNINITIALIZED_AUTOS = YES_AGGRESSIVE;
				GCC_WARN_UNUSED_FUNCTION = YES;
				GCC_WARN_UNUSED_VARIABLE = YES;
				IPHONEOS_DEPLOYMENT_TARGET = 15.2;
				MTL_ENABLE_DEBUG_INFO = NO;
				MTL_FAST_MATH = YES;
				SDKROOT = iphoneos;
				SWIFT_COMPILATION_MODE = wholemodule;
				SWIFT_OPTIMIZATION_LEVEL = "-O";
				VALIDATE_PRODUCT = YES;
			};
			name = Release;
		};
		3DF95DF727A4CB1500EB607E /* Debug */ = {
			isa = XCBuildConfiguration;
			buildSettings = {
				ASSETCATALOG_COMPILER_APPICON_NAME = AppIcon;
				ASSETCATALOG_COMPILER_GLOBAL_ACCENT_COLOR_NAME = AccentColor;
				CODE_SIGN_STYLE = Automatic;
				CURRENT_PROJECT_VERSION = 1;
				DEVELOPMENT_ASSET_PATHS = "\"StayConnected/Preview Content\"";
				DEVELOPMENT_TEAM = 9PXY6VZRK4;
				ENABLE_PREVIEWS = YES;
				GENERATE_INFOPLIST_FILE = YES;
				INFOPLIST_KEY_UIApplicationSceneManifest_Generation = YES;
				INFOPLIST_KEY_UIApplicationSupportsIndirectInputEvents = YES;
				INFOPLIST_KEY_UILaunchScreen_Generation = YES;
				INFOPLIST_KEY_UISupportedInterfaceOrientations_iPad = "UIInterfaceOrientationPortrait UIInterfaceOrientationPortraitUpsideDown UIInterfaceOrientationLandscapeLeft UIInterfaceOrientationLandscapeRight";
				INFOPLIST_KEY_UISupportedInterfaceOrientations_iPhone = "UIInterfaceOrientationPortrait UIInterfaceOrientationLandscapeLeft UIInterfaceOrientationLandscapeRight";
				LD_RUNPATH_SEARCH_PATHS = (
					"$(inherited)",
					"@executable_path/Frameworks",
				);
				MARKETING_VERSION = 1.0;
				PRODUCT_BUNDLE_IDENTIFIER = com.symlabs.StayConnected;
				PRODUCT_NAME = "$(TARGET_NAME)";
				SWIFT_EMIT_LOC_STRINGS = YES;
				SWIFT_VERSION = 5.0;
				TARGETED_DEVICE_FAMILY = "1,2";
			};
			name = Debug;
		};
		3DF95DF827A4CB1500EB607E /* Release */ = {
			isa = XCBuildConfiguration;
			buildSettings = {
				ASSETCATALOG_COMPILER_APPICON_NAME = AppIcon;
				ASSETCATALOG_COMPILER_GLOBAL_ACCENT_COLOR_NAME = AccentColor;
				CODE_SIGN_STYLE = Automatic;
				CURRENT_PROJECT_VERSION = 1;
				DEVELOPMENT_ASSET_PATHS = "\"StayConnected/Preview Content\"";
				DEVELOPMENT_TEAM = 9PXY6VZRK4;
				ENABLE_PREVIEWS = YES;
				GENERATE_INFOPLIST_FILE = YES;
				INFOPLIST_KEY_UIApplicationSceneManifest_Generation = YES;
				INFOPLIST_KEY_UIApplicationSupportsIndirectInputEvents = YES;
				INFOPLIST_KEY_UILaunchScreen_Generation = YES;
				INFOPLIST_KEY_UISupportedInterfaceOrientations_iPad = "UIInterfaceOrientationPortrait UIInterfaceOrientationPortraitUpsideDown UIInterfaceOrientationLandscapeLeft UIInterfaceOrientationLandscapeRight";
				INFOPLIST_KEY_UISupportedInterfaceOrientations_iPhone = "UIInterfaceOrientationPortrait UIInterfaceOrientationLandscapeLeft UIInterfaceOrientationLandscapeRight";
				LD_RUNPATH_SEARCH_PATHS = (
					"$(inherited)",
					"@executable_path/Frameworks",
				);
				MARKETING_VERSION = 1.0;
				PRODUCT_BUNDLE_IDENTIFIER = com.symlabs.StayConnected;
				PRODUCT_NAME = "$(TARGET_NAME)";
				SWIFT_EMIT_LOC_STRINGS = YES;
				SWIFT_VERSION = 5.0;
				TARGETED_DEVICE_FAMILY = "1,2";
			};
			name = Release;
		};
/* End XCBuildConfiguration section */

/* Begin XCConfigurationList section */
		3DF95DE327A4CB0E00EB607E /* Build configuration list for PBXProject "StayConnected" */ = {
			isa = XCConfigurationList;
			buildConfigurations = (
				3DF95DF427A4CB1500EB607E /* Debug */,
				3DF95DF527A4CB1500EB607E /* Release */,
			);
			defaultConfigurationIsVisible = 0;
			defaultConfigurationName = Release;
		};
		3DF95DF627A4CB1500EB607E /* Build configuration list for PBXNativeTarget "StayConnected" */ = {
			isa = XCConfigurationList;
			buildConfigurations = (
				3DF95DF727A4CB1500EB607E /* Debug */,
				3DF95DF827A4CB1500EB607E /* Release */,
			);
			defaultConfigurationIsVisible = 0;
			defaultConfigurationName = Release;
		};
/* End XCConfigurationList section */

/* Begin XCRemoteSwiftPackageReference section */
		3DC6D19D27A7842F00CF9BEF /* XCRemoteSwiftPackageReference "firebase-ios-sdk" */ = {
			isa = XCRemoteSwiftPackageReference;
			repositoryURL = "https://github.com/firebase/firebase-ios-sdk";
			requirement = {
				kind = upToNextMajorVersion;
				minimumVersion = 8.0.0;
			};
		};
		3DE2CEE827A89BA4008D7971 /* XCRemoteSwiftPackageReference "SDWebImageSwiftUI" */ = {
			isa = XCRemoteSwiftPackageReference;
			repositoryURL = "https://github.com/SDWebImage/SDWebImageSwiftUI";
			requirement = {
				kind = upToNextMajorVersion;
				minimumVersion = 2.0.0;
			};
		};
/* End XCRemoteSwiftPackageReference section */

/* Begin XCSwiftPackageProductDependency section */
		3DC6D19E27A7842F00CF9BEF /* FirebaseAuth */ = {
			isa = XCSwiftPackageProductDependency;
			package = 3DC6D19D27A7842F00CF9BEF /* XCRemoteSwiftPackageReference "firebase-ios-sdk" */;
			productName = FirebaseAuth;
		};
		3DC6D1A027A7842F00CF9BEF /* FirebaseFirestore */ = {
			isa = XCSwiftPackageProductDependency;
			package = 3DC6D19D27A7842F00CF9BEF /* XCRemoteSwiftPackageReference "firebase-ios-sdk" */;
			productName = FirebaseFirestore;
		};
		3DC6D1A227A7842F00CF9BEF /* FirebaseStorage */ = {
			isa = XCSwiftPackageProductDependency;
			package = 3DC6D19D27A7842F00CF9BEF /* XCRemoteSwiftPackageReference "firebase-ios-sdk" */;
			productName = FirebaseStorage;
		};
		3DE2CEE927A89BA6008D7971 /* SDWebImageSwiftUI */ = {
			isa = XCSwiftPackageProductDependency;
			package = 3DE2CEE827A89BA4008D7971 /* XCRemoteSwiftPackageReference "SDWebImageSwiftUI" */;
			productName = SDWebImageSwiftUI;
		};
/* End XCSwiftPackageProductDependency section */
	};
	rootObject = 3DF95DE027A4CB0E00EB607E /* Project object */;
}
